
Microsoft Visual Studio Solution File, Format Version 12.00
# Visual Studio Version 17
VisualStudioVersion = 17.7.34018.315
MinimumVisualStudioVersion = 10.0.40219.1
Project("{F184B08F-C81C-45F6-A57F-5ABD9991F28F}") = "ako_NALANG_PLEASE", "ako_NALANG_PLEASE.vbproj", "{60081DEF-3C9D-4B72-B997-6F43203B9473}"
EndProject
Global
	GlobalSection(SolutionConfigurationPlatforms) = preSolution
		Debug|Any CPU = Debug|Any CPU
		Release|Any CPU = Release|Any CPU
	EndGlobalSection
	GlobalSection(ProjectConfigurationPlatforms) = postSolution
		{60081DEF-3C9D-4B72-B997-6F43203B9473}.Debug|Any CPU.ActiveCfg = Debug|Any CPU
		{60081DEF-3C9D-4B72-B997-6F43203B9473}.Debug|Any CPU.Build.0 = Debug|Any CPU
		{60081DEF-3C9D-4B72-B997-6F43203B9473}.Release|Any CPU.ActiveCfg = Release|Any CPU
		{60081DEF-3C9D-4B72-B997-6F43203B9473}.Release|Any CPU.Build.0 = Release|Any CPU
	EndGlobalSection
	GlobalSection(SolutionProperties) = preSolution
		HideSolutionNode = FALSE
	EndGlobalSection
	GlobalSection(ExtensibilityGlobals) = postSolution
		SolutionGuid = {23A2B65D-DEFF-4A79-9A2C-A9E1AF1DF30A}
	EndGlobalSection
EndGlobal
